
Microsoft Visual Studio Solution File, Format Version 12.00
# Visual Studio 14
VisualStudioVersion = 14.0.23107.0
MinimumVisualStudioVersion = 10.0.40219.1
Project("{FAE04EC0-301F-11D3-BF4B-00C04F79EFBC}") = "BinarySearchEx", "BinarySearchEx\BinarySearchEx.csproj", "{65A353D8-57EA-463C-B62B-1C16E8742784}"
EndProject
Project("{FAE04EC0-301F-11D3-BF4B-00C04F79EFBC}") = "BinarySearchEx.Test", "BinarySearchEx.Test\BinarySearchEx.Test.csproj", "{D11A21CC-02EF-40D7-BFD4-4022CC1E5709}"
EndProject
Global
	GlobalSection(SolutionConfigurationPlatforms) = preSolution
		Debug|Any CPU = Debug|Any CPU
		Release|Any CPU = Release|Any CPU
	EndGlobalSection
	GlobalSection(ProjectConfigurationPlatforms) = postSolution
		{65A353D8-57EA-463C-B62B-1C16E8742784}.Debug|Any CPU.ActiveCfg = Debug|Any CPU
		{65A353D8-57EA-463C-B62B-1C16E8742784}.Debug|Any CPU.Build.0 = Debug|Any CPU
		{65A353D8-57EA-463C-B62B-1C16E8742784}.Release|Any CPU.ActiveCfg = Release|Any CPU
		{65A353D8-57EA-463C-B62B-1C16E8742784}.Release|Any CPU.Build.0 = Release|Any CPU
		{D11A21CC-02EF-40D7-BFD4-4022CC1E5709}.Debug|Any CPU.ActiveCfg = Debug|Any CPU
		{D11A21CC-02EF-40D7-BFD4-4022CC1E5709}.Debug|Any CPU.Build.0 = Debug|Any CPU
		{D11A21CC-02EF-40D7-BFD4-4022CC1E5709}.Release|Any CPU.ActiveCfg = Release|Any CPU
		{D11A21CC-02EF-40D7-BFD4-4022CC1E5709}.Release|Any CPU.Build.0 = Release|Any CPU
	EndGlobalSection
	GlobalSection(SolutionProperties) = preSolution
		HideSolutionNode = FALSE
	EndGlobalSection
EndGlobal
